
Microsoft Visual Studio Solution File, Format Version 12.00
# Visual Studio Version 16
VisualStudioVersion = 16.0.29102.190
MinimumVisualStudioVersion = 10.0.40219.1
Project("{888888A0-9F3D-457C-B088-3A5042F75D52}") = "mass_file_downloader", "mass_file_downloader\mass_file_downloader.pyproj", "{4D410CE7-3F9B-4AB0-B571-D51BC033A5C8}"
EndProject
Global
	GlobalSection(SolutionConfigurationPlatforms) = preSolution
		Debug|Any CPU = Debug|Any CPU
		Release|Any CPU = Release|Any CPU
	EndGlobalSection
	GlobalSection(ProjectConfigurationPlatforms) = postSolution
		{4D410CE7-3F9B-4AB0-B571-D51BC033A5C8}.Debug|Any CPU.ActiveCfg = Debug|Any CPU
		{4D410CE7-3F9B-4AB0-B571-D51BC033A5C8}.Release|Any CPU.ActiveCfg = Release|Any CPU
	EndGlobalSection
	GlobalSection(SolutionProperties) = preSolution
		HideSolutionNode = FALSE
	EndGlobalSection
	GlobalSection(ExtensibilityGlobals) = postSolution
		SolutionGuid = {50A508A7-C8B2-4452-82FB-1159DB79347B}
	EndGlobalSection
EndGlobal
